
Microsoft Visual Studio Solution File, Format Version 12.00
# Visual Studio Version 16
VisualStudioVersion = 16.0.31515.178
MinimumVisualStudioVersion = 10.0.40219.1
Project("{FAE04EC0-301F-11D3-BF4B-00C04F79EFBC}") = "ToyRendererGL", "ToyRendererGL.csproj", "{778CF7C0-9297-4AAD-ADFD-DDDD92CB4D89}"
EndProject
Global
	GlobalSection(SolutionConfigurationPlatforms) = preSolution
		Debug|Any CPU = Debug|Any CPU
		Release|Any CPU = Release|Any CPU
	EndGlobalSection
	GlobalSection(ProjectConfigurationPlatforms) = postSolution
		{778CF7C0-9297-4AAD-ADFD-DDDD92CB4D89}.Debug|Any CPU.ActiveCfg = Debug|Any CPU
		{778CF7C0-9297-4AAD-ADFD-DDDD92CB4D89}.Debug|Any CPU.Build.0 = Debug|Any CPU
		{778CF7C0-9297-4AAD-ADFD-DDDD92CB4D89}.Release|Any CPU.ActiveCfg = Release|Any CPU
		{778CF7C0-9297-4AAD-ADFD-DDDD92CB4D89}.Release|Any CPU.Build.0 = Release|Any CPU
	EndGlobalSection
	GlobalSection(SolutionProperties) = preSolution
		HideSolutionNode = FALSE
	EndGlobalSection
	GlobalSection(ExtensibilityGlobals) = postSolution
		SolutionGuid = {853F0379-6A2A-4E2E-8007-8E117414E084}
	EndGlobalSection
EndGlobal
